
Microsoft Visual Studio Solution File, Format Version 12.00
# Visual Studio Version 16
VisualStudioVersion = 16.0.29503.13
MinimumVisualStudioVersion = 10.0.40219.1
Project("{9A19103F-16F7-4668-BE54-9A1E7A4F7556}") = "BaseCodeDotNetCore.API", "BaseCodeDotNetCore.API\BaseCodeDotNetCore.API.csproj", "{ED6837BE-8C75-428B-BF6A-2639DF5986F3}"
EndProject
Project("{9A19103F-16F7-4668-BE54-9A1E7A4F7556}") = "BaseCodeDotNetCore.Domain", "BaseCodeDotNetCore.Domain\BaseCodeDotNetCore.Domain.csproj", "{A7421DC7-B9ED-456D-89C9-D2B91BFD5AB0}"
EndProject
Project("{9A19103F-16F7-4668-BE54-9A1E7A4F7556}") = "BaseCodeDotNetCore.Data", "BaseCodeDotNetCore.Data\BaseCodeDotNetCore.Data.csproj", "{35DF5EA2-C8D8-4F88-8FA9-B7F5DA3FB777}"
EndProject
Project("{FAE04EC0-301F-11D3-BF4B-00C04F79EFBC}") = "BaseCodeDotNetCore.Utils", "BaseCodeDotNetCore.Utils\BaseCodeDotNetCore.Utils.csproj", "{3F299AD6-106B-4029-84F7-E5D37F2DEAF5}"
EndProject
Global
	GlobalSection(SolutionConfigurationPlatforms) = preSolution
		Debug|Any CPU = Debug|Any CPU
		Release|Any CPU = Release|Any CPU
	EndGlobalSection
	GlobalSection(ProjectConfigurationPlatforms) = postSolution
		{ED6837BE-8C75-428B-BF6A-2639DF5986F3}.Debug|Any CPU.ActiveCfg = Debug|Any CPU
		{ED6837BE-8C75-428B-BF6A-2639DF5986F3}.Debug|Any CPU.Build.0 = Debug|Any CPU
		{ED6837BE-8C75-428B-BF6A-2639DF5986F3}.Release|Any CPU.ActiveCfg = Release|Any CPU
		{ED6837BE-8C75-428B-BF6A-2639DF5986F3}.Release|Any CPU.Build.0 = Release|Any CPU
		{A7421DC7-B9ED-456D-89C9-D2B91BFD5AB0}.Debug|Any CPU.ActiveCfg = Debug|Any CPU
		{A7421DC7-B9ED-456D-89C9-D2B91BFD5AB0}.Debug|Any CPU.Build.0 = Debug|Any CPU
		{A7421DC7-B9ED-456D-89C9-D2B91BFD5AB0}.Release|Any CPU.ActiveCfg = Release|Any CPU
		{A7421DC7-B9ED-456D-89C9-D2B91BFD5AB0}.Release|Any CPU.Build.0 = Release|Any CPU
		{35DF5EA2-C8D8-4F88-8FA9-B7F5DA3FB777}.Debug|Any CPU.ActiveCfg = Debug|Any CPU
		{35DF5EA2-C8D8-4F88-8FA9-B7F5DA3FB777}.Debug|Any CPU.Build.0 = Debug|Any CPU
		{35DF5EA2-C8D8-4F88-8FA9-B7F5DA3FB777}.Release|Any CPU.ActiveCfg = Release|Any CPU
		{35DF5EA2-C8D8-4F88-8FA9-B7F5DA3FB777}.Release|Any CPU.Build.0 = Release|Any CPU
		{3F299AD6-106B-4029-84F7-E5D37F2DEAF5}.Debug|Any CPU.ActiveCfg = Debug|Any CPU
		{3F299AD6-106B-4029-84F7-E5D37F2DEAF5}.Debug|Any CPU.Build.0 = Debug|Any CPU
		{3F299AD6-106B-4029-84F7-E5D37F2DEAF5}.Release|Any CPU.ActiveCfg = Release|Any CPU
		{3F299AD6-106B-4029-84F7-E5D37F2DEAF5}.Release|Any CPU.Build.0 = Release|Any CPU
	EndGlobalSection
	GlobalSection(SolutionProperties) = preSolution
		HideSolutionNode = FALSE
	EndGlobalSection
	GlobalSection(ExtensibilityGlobals) = postSolution
		SolutionGuid = {355A431B-4618-44ED-9A58-F2B0687A1782}
	EndGlobalSection
EndGlobal
